Microsoft Visual Studio Solution File, Format Version 11.00
# Visual Studio 2008

Project("{75D2EEF1-5246-3E1A-3A3B-71C0F605A982}") = "shmup tutorial", "Assembly-CSharp-firstpass.csproj", "{2C7BB83B-A953-39F5-6D9D-725272B9DFD6}"
EndProject
Project("{75D2EEF1-5246-3E1A-3A3B-71C0F605A982}") = "shmup tutorial", "Assembly-CSharp.csproj", "{AACE861E-348C-9BAA-56A5-83BC1EA0BBC4}"
EndProject
Project("{75D2EEF1-5246-3E1A-3A3B-71C0F605A982}") = "shmup tutorial", "Assembly-CSharp-Editor.csproj", "{7F12227D-634A-0344-A3A0-94F763D43B88}"
EndProject
Global
	GlobalSection(SolutionConfigurationPlatforms) = preSolution
		Debug|Any CPU = Debug|Any CPU
		Release|Any CPU = Release|Any CPU
	EndGlobalSection
	GlobalSection(ProjectConfigurationPlatforms) = postSolution
		{2C7BB83B-A953-39F5-6D9D-725272B9DFD6}.Debug|Any CPU.ActiveCfg = Debug|Any CPU
		{2C7BB83B-A953-39F5-6D9D-725272B9DFD6}.Debug|Any CPU.Build.0 = Debug|Any CPU
		{2C7BB83B-A953-39F5-6D9D-725272B9DFD6}.Release|Any CPU.ActiveCfg = Release|Any CPU
		{2C7BB83B-A953-39F5-6D9D-725272B9DFD6}.Release|Any CPU.Build.0 = Release|Any CPU
		{AACE861E-348C-9BAA-56A5-83BC1EA0BBC4}.Debug|Any CPU.ActiveCfg = Debug|Any CPU
		{AACE861E-348C-9BAA-56A5-83BC1EA0BBC4}.Debug|Any CPU.Build.0 = Debug|Any CPU
		{AACE861E-348C-9BAA-56A5-83BC1EA0BBC4}.Release|Any CPU.ActiveCfg = Release|Any CPU
		{AACE861E-348C-9BAA-56A5-83BC1EA0BBC4}.Release|Any CPU.Build.0 = Release|Any CPU
		{7F12227D-634A-0344-A3A0-94F763D43B88}.Debug|Any CPU.ActiveCfg = Debug|Any CPU
		{7F12227D-634A-0344-A3A0-94F763D43B88}.Debug|Any CPU.Build.0 = Debug|Any CPU
		{7F12227D-634A-0344-A3A0-94F763D43B88}.Release|Any CPU.ActiveCfg = Release|Any CPU
		{7F12227D-634A-0344-A3A0-94F763D43B88}.Release|Any CPU.Build.0 = Release|Any CPU
	EndGlobalSection
	GlobalSection(SolutionProperties) = preSolution
		HideSolutionNode = FALSE
	EndGlobalSection
	GlobalSection(MonoDevelopProperties) = preSolution
		StartupItem = Assembly-CSharp.csproj
	EndGlobalSection
EndGlobal
